
Microsoft Visual Studio Solution File, Format Version 12.00
# Visual Studio Version 17
VisualStudioVersion = 17.3.32901.215
MinimumVisualStudioVersion = 10.0.40219.1
Project("{FAE04EC0-301F-11D3-BF4B-00C04F79EFBC}") = "arka plan 815", "arka plan 815\arka plan 815.csproj", "{0CAD0635-C66B-49E3-8A86-E0E6C9D88833}"
EndProject
Global
	GlobalSection(SolutionConfigurationPlatforms) = preSolution
		Debug|Any CPU = Debug|Any CPU
		Release|Any CPU = Release|Any CPU
	EndGlobalSection
	GlobalSection(ProjectConfigurationPlatforms) = postSolution
		{0CAD0635-C66B-49E3-8A86-E0E6C9D88833}.Debug|Any CPU.ActiveCfg = Debug|Any CPU
		{0CAD0635-C66B-49E3-8A86-E0E6C9D88833}.Debug|Any CPU.Build.0 = Debug|Any CPU
		{0CAD0635-C66B-49E3-8A86-E0E6C9D88833}.Release|Any CPU.ActiveCfg = Release|Any CPU
		{0CAD0635-C66B-49E3-8A86-E0E6C9D88833}.Release|Any CPU.Build.0 = Release|Any CPU
	EndGlobalSection
	GlobalSection(SolutionProperties) = preSolution
		HideSolutionNode = FALSE
	EndGlobalSection
	GlobalSection(ExtensibilityGlobals) = postSolution
		SolutionGuid = {FB7C55E5-494E-4A90-A423-6BF5384DDE22}
	EndGlobalSection
EndGlobal
